
Microsoft Visual Studio Solution File, Format Version 12.00
# Visual Studio Version 17
VisualStudioVersion = 17.3.32922.545
MinimumVisualStudioVersion = 10.0.40219.1
Project("{9A19103F-16F7-4668-BE54-9A1E7A4F7556}") = "EdgeView", "EdgeView\EdgeView.csproj", "{FC35636D-D08C-464E-959B-9229A9A14F89}"
EndProject
Global
	GlobalSection(SolutionConfigurationPlatforms) = preSolution
		Debug|Any CPU = Debug|Any CPU
		Release|Any CPU = Release|Any CPU
	EndGlobalSection
	GlobalSection(ProjectConfigurationPlatforms) = postSolution
		{FC35636D-D08C-464E-959B-9229A9A14F89}.Debug|Any CPU.ActiveCfg = Debug|Any CPU
		{FC35636D-D08C-464E-959B-9229A9A14F89}.Debug|Any CPU.Build.0 = Debug|Any CPU
		{FC35636D-D08C-464E-959B-9229A9A14F89}.Release|Any CPU.ActiveCfg = Release|Any CPU
		{FC35636D-D08C-464E-959B-9229A9A14F89}.Release|Any CPU.Build.0 = Release|Any CPU
	EndGlobalSection
	GlobalSection(SolutionProperties) = preSolution
		HideSolutionNode = FALSE
	EndGlobalSection
	GlobalSection(ExtensibilityGlobals) = postSolution
		SolutionGuid = {CEA91E06-E684-4E12-ACE8-6619269B563D}
	EndGlobalSection
EndGlobal
